
Microsoft Visual Studio Solution File, Format Version 12.00
# Visual Studio Version 17
VisualStudioVersion = 17.10.35013.160
MinimumVisualStudioVersion = 10.0.40219.1
Project("{FAE04EC0-301F-11D3-BF4B-00C04F79EFBC}") = "UrlShortnerMicroservice", "UrlShortnerMicroservice\UrlShortnerMicroservice.csproj", "{86ABABFF-E7BD-41FF-B8D8-482BC37CA5FD}"
EndProject
Global
	GlobalSection(SolutionConfigurationPlatforms) = preSolution
		Debug|Any CPU = Debug|Any CPU
		Release|Any CPU = Release|Any CPU
	EndGlobalSection
	GlobalSection(ProjectConfigurationPlatforms) = postSolution
		{86ABABFF-E7BD-41FF-B8D8-482BC37CA5FD}.Debug|Any CPU.ActiveCfg = Debug|Any CPU
		{86ABABFF-E7BD-41FF-B8D8-482BC37CA5FD}.Debug|Any CPU.Build.0 = Debug|Any CPU
		{86ABABFF-E7BD-41FF-B8D8-482BC37CA5FD}.Release|Any CPU.ActiveCfg = Release|Any CPU
		{86ABABFF-E7BD-41FF-B8D8-482BC37CA5FD}.Release|Any CPU.Build.0 = Release|Any CPU
	EndGlobalSection
	GlobalSection(SolutionProperties) = preSolution
		HideSolutionNode = FALSE
	EndGlobalSection
	GlobalSection(ExtensibilityGlobals) = postSolution
		SolutionGuid = {841C37A2-0723-4246-B021-FEC0F4E0107C}
	EndGlobalSection
EndGlobal
